// !$*UTF8*$!
{
	archiveVersion = 1;
	classes = {
	};
	objectVersion = 56;
	objects = {

/* Begin PBXBuildFile section */
		921F358C2B4893D500A6B2F4 /* NoUserView.swift in Sources */ = {isa = PBXBuildFile; fileRef = 921F358B2B4893D500A6B2F4 /* NoUserView.swift */; };
		921F358E2B489CF000A6B2F4 /* PrimaryButtonModifier.swift in Sources */ = {isa = PBXBuildFile; fileRef = 921F358D2B489CF000A6B2F4 /* PrimaryButtonModifier.swift */; };
		921F35922B48A65B00A6B2F4 /* TextFieldModifier.swift in Sources */ = {isa = PBXBuildFile; fileRef = 921F35912B48A65B00A6B2F4 /* TextFieldModifier.swift */; };
		9223FB3F2B3F2C5400426148 /* FileManager+SaveImage.swift in Sources */ = {isa = PBXBuildFile; fileRef = 9223FB3E2B3F2C5400426148 /* FileManager+SaveImage.swift */; };
		922C24FA2B3DC61600896D7E /* iChores.xcdatamodeld in Sources */ = {isa = PBXBuildFile; fileRef = 922C24F82B3DC61600896D7E /* iChores.xcdatamodeld */; };
		922C251B2B3DDEF900896D7E /* DataController.swift in Sources */ = {isa = PBXBuildFile; fileRef = 922C251A2B3DDEF900896D7E /* DataController.swift */; };
		922C251E2B3DE0E400896D7E /* UserDetailView.swift in Sources */ = {isa = PBXBuildFile; fileRef = 922C251D2B3DE0E400896D7E /* UserDetailView.swift */; };
		922C25202B3DE56000896D7E /* Image+ImagePicker.swift in Sources */ = {isa = PBXBuildFile; fileRef = 922C251F2B3DE56000896D7E /* Image+ImagePicker.swift */; };
		922C25222B3DE75100896D7E /* AddUserView.swift in Sources */ = {isa = PBXBuildFile; fileRef = 922C25212B3DE75100896D7E /* AddUserView.swift */; };
		92351E332B778D02008B53E9 /* CancelButton.swift in Sources */ = {isa = PBXBuildFile; fileRef = 92351E322B778D02008B53E9 /* CancelButton.swift */; };
		924857792B403272006065DD /* User+ViewModel.swift in Sources */ = {isa = PBXBuildFile; fileRef = 924857782B403272006065DD /* User+ViewModel.swift */; };
		924E6D7E2B47794A00780EF4 /* User+CoreDataClass.swift in Sources */ = {isa = PBXBuildFile; fileRef = 924E6D782B47794A00780EF4 /* User+CoreDataClass.swift */; };
		924E6D7F2B47794A00780EF4 /* User+CoreDataProperties.swift in Sources */ = {isa = PBXBuildFile; fileRef = 924E6D792B47794A00780EF4 /* User+CoreDataProperties.swift */; };
		924E6D802B47794A00780EF4 /* Room+CoreDataClass.swift in Sources */ = {isa = PBXBuildFile; fileRef = 924E6D7A2B47794A00780EF4 /* Room+CoreDataClass.swift */; };
		924E6D812B47794A00780EF4 /* Room+CoreDataProperties.swift in Sources */ = {isa = PBXBuildFile; fileRef = 924E6D7B2B47794A00780EF4 /* Room+CoreDataProperties.swift */; };
		924E6D822B47794A00780EF4 /* Task+CoreDataClass.swift in Sources */ = {isa = PBXBuildFile; fileRef = 924E6D7C2B47794A00780EF4 /* Task+CoreDataClass.swift */; };
		924E6D832B47794A00780EF4 /* Task+CoreDataProperties.swift in Sources */ = {isa = PBXBuildFile; fileRef = 924E6D7D2B47794A00780EF4 /* Task+CoreDataProperties.swift */; };
		924E6D852B477B0D00780EF4 /* UserImage.swift in Sources */ = {isa = PBXBuildFile; fileRef = 924E6D842B477B0D00780EF4 /* UserImage.swift */; };
		92555D542BB1DE8600B74F6B /* RoomImage.swift in Sources */ = {isa = PBXBuildFile; fileRef = 92555D532BB1DE8600B74F6B /* RoomImage.swift */; };
		926079592B3F45830082F88A /* User+SwiftUI.swift in Sources */ = {isa = PBXBuildFile; fileRef = 926079582B3F45830082F88A /* User+SwiftUI.swift */; };
		9260795C2B3F5E2E0082F88A /* ImageModifier.swift in Sources */ = {isa = PBXBuildFile; fileRef = 9260795B2B3F5E2E0082F88A /* ImageModifier.swift */; };
		92772AB02B83AC7F007772E4 /* RoundedCorner.swift in Sources */ = {isa = PBXBuildFile; fileRef = 92772AAF2B83AC7F007772E4 /* RoundedCorner.swift */; };
		92946D2A2B3F0114001F0D2E /* UsersListView.swift in Sources */ = {isa = PBXBuildFile; fileRef = 92946D292B3F0114001F0D2E /* UsersListView.swift */; };
		92946D2C2B3F019B001F0D2E /* HomeView.swift in Sources */ = {isa = PBXBuildFile; fileRef = 92946D2B2B3F019B001F0D2E /* HomeView.swift */; };
		92946D2E2B3F01D6001F0D2E /* RoomsListView.swift in Sources */ = {isa = PBXBuildFile; fileRef = 92946D2D2B3F01D6001F0D2E /* RoomsListView.swift */; };
		92946D302B3F01EC001F0D2E /* SettingsView.swift in Sources */ = {isa = PBXBuildFile; fileRef = 92946D2F2B3F01EC001F0D2E /* SettingsView.swift */; };
		9297DD762B73E12200452A8B /* UserRepository.swift in Sources */ = {isa = PBXBuildFile; fileRef = 9297DD752B73E12200452A8B /* UserRepository.swift */; };
		92A4062B2BAC30E9005AF534 /* Room+SwiftUI.swift in Sources */ = {isa = PBXBuildFile; fileRef = 92A4062A2BAC30E9005AF534 /* Room+SwiftUI.swift */; };
		92AB02DF2B8A3367002C34EE /* RoomViewModel.swift in Sources */ = {isa = PBXBuildFile; fileRef = 92AB02DE2B8A3367002C34EE /* RoomViewModel.swift */; };
		92AB02E22B8A35A0002C34EE /* RoomRepository.swift in Sources */ = {isa = PBXBuildFile; fileRef = 92AB02E12B8A35A0002C34EE /* RoomRepository.swift */; };
		92AB02E42B8A364C002C34EE /* AddRoomView.swift in Sources */ = {isa = PBXBuildFile; fileRef = 92AB02E32B8A364C002C34EE /* AddRoomView.swift */; };
		92AB02E62B8A3CAA002C34EE /* RoomDetailView.swift in Sources */ = {isa = PBXBuildFile; fileRef = 92AB02E52B8A3CAA002C34EE /* RoomDetailView.swift */; };
		92AB02E82B8A3E77002C34EE /* NoRoomView.swift in Sources */ = {isa = PBXBuildFile; fileRef = 92AB02E72B8A3E77002C34EE /* NoRoomView.swift */; };
		92C8D22E2B7A4E6400BC83B4 /* DeleteButton.swift in Sources */ = {isa = PBXBuildFile; fileRef = 92C8D22D2B7A4E6400BC83B4 /* DeleteButton.swift */; };
		92C8D2302B7A545100BC83B4 /* Localizable.xcstrings in Resources */ = {isa = PBXBuildFile; fileRef = 92C8D22F2B7A545100BC83B4 /* Localizable.xcstrings */; };
		92F6A08E2B3478CB0075879F /* iChoresApp.swift in Sources */ = {isa = PBXBuildFile; fileRef = 92F6A08D2B3478CB0075879F /* iChoresApp.swift */; };
		92F6A0902B3478CB0075879F /* ContentView.swift in Sources */ = {isa = PBXBuildFile; fileRef = 92F6A08F2B3478CB0075879F /* ContentView.swift */; };
		92F6A0922B3478CD0075879F /* Assets.xcassets in Resources */ = {isa = PBXBuildFile; fileRef = 92F6A0912B3478CD0075879F /* Assets.xcassets */; };
		92F6A0952B3478CD0075879F /* Preview Assets.xcassets in Resources */ = {isa = PBXBuildFile; fileRef = 92F6A0942B3478CD0075879F /* Preview Assets.xcassets */; };
		92F6A09F2B3478CE0075879F /* iChoresTests.swift in Sources */ = {isa = PBXBuildFile; fileRef = 92F6A09E2B3478CE0075879F /* iChoresTests.swift */; };
		92F6A0A92B3478CE0075879F /* iChoresUITests.swift in Sources */ = {isa = PBXBuildFile; fileRef = 92F6A0A82B3478CE0075879F /* iChoresUITests.swift */; };
		92F6A0AB2B3478CE0075879F /* iChoresUITestsLaunchTests.swift in Sources */ = {isa = PBXBuildFile; fileRef = 92F6A0AA2B3478CE0075879F /* iChoresUITestsLaunchTests.swift */; };
/* End PBXBuildFile section */

/* Begin PBXContainerItemProxy section */
		92F6A09B2B3478CE0075879F /* PBXContainerItemProxy */ = {
			isa = PBXContainerItemProxy;
			containerPortal = 92F6A0822B3478CB0075879F /* Project object */;
			proxyType = 1;
			remoteGlobalIDString = 92F6A0892B3478CB0075879F;
			remoteInfo = iChores;
		};
		92F6A0A52B3478CE0075879F /* PBXContainerItemProxy */ = {
			isa = PBXContainerItemProxy;
			containerPortal = 92F6A0822B3478CB0075879F /* Project object */;
			proxyType = 1;
			remoteGlobalIDString = 92F6A0892B3478CB0075879F;
			remoteInfo = iChores;
		};
/* End PBXContainerItemProxy section */

/* Begin PBXFileReference section */
		921F358B2B4893D500A6B2F4 /* NoUserView.swift */ = {isa = PBXFileReference; lastKnownFileType = sourcecode.swift; path = NoUserView.swift; sourceTree = "<group>"; };
		921F358D2B489CF000A6B2F4 /* PrimaryButtonModifier.swift */ = {isa = PBXFileReference; lastKnownFileType = sourcecode.swift; path = PrimaryButtonModifier.swift; sourceTree = "<group>"; };
		921F35912B48A65B00A6B2F4 /* TextFieldModifier.swift */ = {isa = PBXFileReference; lastKnownFileType = sourcecode.swift; path = TextFieldModifier.swift; sourceTree = "<group>"; };
		9223FB3E2B3F2C5400426148 /* FileManager+SaveImage.swift */ = {isa = PBXFileReference; lastKnownFileType = sourcecode.swift; path = "FileManager+SaveImage.swift"; sourceTree = "<group>"; };
		922C24F92B3DC61600896D7E /* iChores.xcdatamodel */ = {isa = PBXFileReference; lastKnownFileType = wrapper.xcdatamodel; path = iChores.xcdatamodel; sourceTree = "<group>"; };
		922C251A2B3DDEF900896D7E /* DataController.swift */ = {isa = PBXFileReference; lastKnownFileType = sourcecode.swift; path = DataController.swift; sourceTree = "<group>"; };
		922C251D2B3DE0E400896D7E /* UserDetailView.swift */ = {isa = PBXFileReference; lastKnownFileType = sourcecode.swift; path = UserDetailView.swift; sourceTree = "<group>"; };
		922C251F2B3DE56000896D7E /* Image+ImagePicker.swift */ = {isa = PBXFileReference; lastKnownFileType = sourcecode.swift; path = "Image+ImagePicker.swift"; sourceTree = "<group>"; };
		922C25212B3DE75100896D7E /* AddUserView.swift */ = {isa = PBXFileReference; lastKnownFileType = sourcecode.swift; path = AddUserView.swift; sourceTree = "<group>"; };
		92351E322B778D02008B53E9 /* CancelButton.swift */ = {isa = PBXFileReference; lastKnownFileType = sourcecode.swift; path = CancelButton.swift; sourceTree = "<group>"; };
		924857782B403272006065DD /* User+ViewModel.swift */ = {isa = PBXFileReference; lastKnownFileType = sourcecode.swift; path = "User+ViewModel.swift"; sourceTree = "<group>"; };
		924E6D782B47794A00780EF4 /* User+CoreDataClass.swift */ = {isa = PBXFileReference; lastKnownFileType = sourcecode.swift; path = "User+CoreDataClass.swift"; sourceTree = "<group>"; };
		924E6D792B47794A00780EF4 /* User+CoreDataProperties.swift */ = {isa = PBXFileReference; lastKnownFileType = sourcecode.swift; path = "User+CoreDataProperties.swift"; sourceTree = "<group>"; };
		924E6D7A2B47794A00780EF4 /* Room+CoreDataClass.swift */ = {isa = PBXFileReference; lastKnownFileType = sourcecode.swift; path = "Room+CoreDataClass.swift"; sourceTree = "<group>"; };
		924E6D7B2B47794A00780EF4 /* Room+CoreDataProperties.swift */ = {isa = PBXFileReference; lastKnownFileType = sourcecode.swift; path = "Room+CoreDataProperties.swift"; sourceTree = "<group>"; };
		924E6D7C2B47794A00780EF4 /* Task+CoreDataClass.swift */ = {isa = PBXFileReference; lastKnownFileType = sourcecode.swift; path = "Task+CoreDataClass.swift"; sourceTree = "<group>"; };
		924E6D7D2B47794A00780EF4 /* Task+CoreDataProperties.swift */ = {isa = PBXFileReference; lastKnownFileType = sourcecode.swift; path = "Task+CoreDataProperties.swift"; sourceTree = "<group>"; };
		924E6D842B477B0D00780EF4 /* UserImage.swift */ = {isa = PBXFileReference; lastKnownFileType = sourcecode.swift; path = UserImage.swift; sourceTree = "<group>"; };
		92555D532BB1DE8600B74F6B /* RoomImage.swift */ = {isa = PBXFileReference; lastKnownFileType = sourcecode.swift; path = RoomImage.swift; sourceTree = "<group>"; };
		926079582B3F45830082F88A /* User+SwiftUI.swift */ = {isa = PBXFileReference; lastKnownFileType = sourcecode.swift; path = "User+SwiftUI.swift"; sourceTree = "<group>"; };
		9260795B2B3F5E2E0082F88A /* ImageModifier.swift */ = {isa = PBXFileReference; lastKnownFileType = sourcecode.swift; path = ImageModifier.swift; sourceTree = "<group>"; };
		92772AAF2B83AC7F007772E4 /* RoundedCorner.swift */ = {isa = PBXFileReference; lastKnownFileType = sourcecode.swift; path = RoundedCorner.swift; sourceTree = "<group>"; };
		92946D292B3F0114001F0D2E /* UsersListView.swift */ = {isa = PBXFileReference; lastKnownFileType = sourcecode.swift; path = UsersListView.swift; sourceTree = "<group>"; };
		92946D2B2B3F019B001F0D2E /* HomeView.swift */ = {isa = PBXFileReference; lastKnownFileType = sourcecode.swift; path = HomeView.swift; sourceTree = "<group>"; };
		92946D2D2B3F01D6001F0D2E /* RoomsListView.swift */ = {isa = PBXFileReference; lastKnownFileType = sourcecode.swift; path = RoomsListView.swift; sourceTree = "<group>"; };
		92946D2F2B3F01EC001F0D2E /* SettingsView.swift */ = {isa = PBXFileReference; lastKnownFileType = sourcecode.swift; path = SettingsView.swift; sourceTree = "<group>"; };
		9297DD752B73E12200452A8B /* UserRepository.swift */ = {isa = PBXFileReference; lastKnownFileType = sourcecode.swift; path = UserRepository.swift; sourceTree = "<group>"; };
		92A4062A2BAC30E9005AF534 /* Room+SwiftUI.swift */ = {isa = PBXFileReference; lastKnownFileType = sourcecode.swift; path = "Room+SwiftUI.swift"; sourceTree = "<group>"; };
		92AB02DE2B8A3367002C34EE /* RoomViewModel.swift */ = {isa = PBXFileReference; lastKnownFileType = sourcecode.swift; path = RoomViewModel.swift; sourceTree = "<group>"; };
		92AB02E12B8A35A0002C34EE /* RoomRepository.swift */ = {isa = PBXFileReference; lastKnownFileType = sourcecode.swift; path = RoomRepository.swift; sourceTree = "<group>"; };
		92AB02E32B8A364C002C34EE /* AddRoomView.swift */ = {isa = PBXFileReference; lastKnownFileType = sourcecode.swift; path = AddRoomView.swift; sourceTree = "<group>"; };
		92AB02E52B8A3CAA002C34EE /* RoomDetailView.swift */ = {isa = PBXFileReference; lastKnownFileType = sourcecode.swift; path = RoomDetailView.swift; sourceTree = "<group>"; };
		92AB02E72B8A3E77002C34EE /* NoRoomView.swift */ = {isa = PBXFileReference; lastKnownFileType = sourcecode.swift; path = NoRoomView.swift; sourceTree = "<group>"; };
		92C8D22D2B7A4E6400BC83B4 /* DeleteButton.swift */ = {isa = PBXFileReference; lastKnownFileType = sourcecode.swift; path = DeleteButton.swift; sourceTree = "<group>"; };
		92C8D22F2B7A545100BC83B4 /* Localizable.xcstrings */ = {isa = PBXFileReference; lastKnownFileType = text.json.xcstrings; path = Localizable.xcstrings; sourceTree = "<group>"; };
		92F6A08A2B3478CB0075879F /* iChores.app */ = {isa = PBXFileReference; explicitFileType = wrapper.application; includeInIndex = 0; path = iChores.app; sourceTree = BUILT_PRODUCTS_DIR; };
		92F6A08D2B3478CB0075879F /* iChoresApp.swift */ = {isa = PBXFileReference; lastKnownFileType = sourcecode.swift; path = iChoresApp.swift; sourceTree = "<group>"; };
		92F6A08F2B3478CB0075879F /* ContentView.swift */ = {isa = PBXFileReference; lastKnownFileType = sourcecode.swift; path = ContentView.swift; sourceTree = "<group>"; };
		92F6A0912B3478CD0075879F /* Assets.xcassets */ = {isa = PBXFileReference; lastKnownFileType = folder.assetcatalog; path = Assets.xcassets; sourceTree = "<group>"; };
		92F6A0942B3478CD0075879F /* Preview Assets.xcassets */ = {isa = PBXFileReference; lastKnownFileType = folder.assetcatalog; path = "Preview Assets.xcassets"; sourceTree = "<group>"; };
		92F6A09A2B3478CE0075879F /* iChoresTests.xctest */ = {isa = PBXFileReference; explicitFileType = wrapper.cfbundle; includeInIndex = 0; path = iChoresTests.xctest; sourceTree = BUILT_PRODUCTS_DIR; };
		92F6A09E2B3478CE0075879F /* iChoresTests.swift */ = {isa = PBXFileReference; lastKnownFileType = sourcecode.swift; path = iChoresTests.swift; sourceTree = "<group>"; };
		92F6A0A42B3478CE0075879F /* iChoresUITests.xctest */ = {isa = PBXFileReference; explicitFileType = wrapper.cfbundle; includeInIndex = 0; path = iChoresUITests.xctest; sourceTree = BUILT_PRODUCTS_DIR; };
		92F6A0A82B3478CE0075879F /* iChoresUITests.swift */ = {isa = PBXFileReference; lastKnownFileType = sourcecode.swift; path = iChoresUITests.swift; sourceTree = "<group>"; };
		92F6A0AA2B3478CE0075879F /* iChoresUITestsLaunchTests.swift */ = {isa = PBXFileReference; lastKnownFileType = sourcecode.swift; path = iChoresUITestsLaunchTests.swift; sourceTree = "<group>"; };
/* End PBXFileReference section */

/* Begin PBXFrameworksBuildPhase section */
		92F6A0872B3478CB0075879F /* Frameworks */ = {
			isa = PBXFrameworksBuildPhase;
			buildActionMask = 2147483647;
			files = (
			);
			runOnlyForDeploymentPostprocessing = 0;
		};
		92F6A0972B3478CE0075879F /* Frameworks */ = {
			isa = PBXFrameworksBuildPhase;
			buildActionMask = 2147483647;
			files = (
			);
			runOnlyForDeploymentPostprocessing = 0;
		};
		92F6A0A12B3478CE0075879F /* Frameworks */ = {
			isa = PBXFrameworksBuildPhase;
			buildActionMask = 2147483647;
			files = (
			);
			runOnlyForDeploymentPostprocessing = 0;
		};
/* End PBXFrameworksBuildPhase section */

/* Begin PBXGroup section */
		921F358A2B4893C000A6B2F4 /* Components */ = {
			isa = PBXGroup;
			children = (
				92A4062C2BAC3450005AF534 /* Global */,
				92AB02E92B8A3F92002C34EE /* Room */,
				92772AAC2B8369E9007772E4 /* User */,
			);
			path = Components;
			sourceTree = "<group>";
		};
		922C25162B3DDBBD00896D7E /* Model */ = {
			isa = PBXGroup;
			children = (
				924E6D782B47794A00780EF4 /* User+CoreDataClass.swift */,
				924E6D792B47794A00780EF4 /* User+CoreDataProperties.swift */,
			);
			path = Model;
			sourceTree = "<group>";
		};
		922C25172B3DDBC100896D7E /* Model */ = {
			isa = PBXGroup;
			children = (
				924E6D7A2B47794A00780EF4 /* Room+CoreDataClass.swift */,
				924E6D7B2B47794A00780EF4 /* Room+CoreDataProperties.swift */,
			);
			path = Model;
			sourceTree = "<group>";
		};
		922C25182B3DDBC500896D7E /* Model */ = {
			isa = PBXGroup;
			children = (
				924E6D7C2B47794A00780EF4 /* Task+CoreDataClass.swift */,
				924E6D7D2B47794A00780EF4 /* Task+CoreDataProperties.swift */,
			);
			path = Model;
			sourceTree = "<group>";
		};
		922C25232B3DE75700896D7E /* View */ = {
			isa = PBXGroup;
			children = (
				92946D292B3F0114001F0D2E /* UsersListView.swift */,
				922C251D2B3DE0E400896D7E /* UserDetailView.swift */,
				922C25212B3DE75100896D7E /* AddUserView.swift */,
			);
			path = View;
			sourceTree = "<group>";
		};
		9248577C2B403DE7006065DD /* ViewModel */ = {
			isa = PBXGroup;
			children = (
				924857782B403272006065DD /* User+ViewModel.swift */,
			);
			path = ViewModel;
			sourceTree = "<group>";
		};
		9248577D2B403DF9006065DD /* Extensions */ = {
			isa = PBXGroup;
			children = (
				9223FB3E2B3F2C5400426148 /* FileManager+SaveImage.swift */,
				922C251F2B3DE56000896D7E /* Image+ImagePicker.swift */,
			);
			path = Extensions;
			sourceTree = "<group>";
		};
		9248577E2B403E17006065DD /* Module */ = {
			isa = PBXGroup;
			children = (
				9260795D2B3F76430082F88A /* User */,
				9260795E2B3F76480082F88A /* Room */,
				92A406292BAC30DB005AF534 /* Extension */,
				9260795F2B3F764C0082F88A /* Task */,
			);
			path = Module;
			sourceTree = "<group>";
		};
		926079572B3F45790082F88A /* Extension */ = {
			isa = PBXGroup;
			children = (
				926079582B3F45830082F88A /* User+SwiftUI.swift */,
			);
			path = Extension;
			sourceTree = "<group>";
		};
		9260795A2B3F5DCD0082F88A /* Modifiers */ = {
			isa = PBXGroup;
			children = (
				9260795B2B3F5E2E0082F88A /* ImageModifier.swift */,
				921F358D2B489CF000A6B2F4 /* PrimaryButtonModifier.swift */,
				921F35912B48A65B00A6B2F4 /* TextFieldModifier.swift */,
			);
			path = Modifiers;
			sourceTree = "<group>";
		};
		9260795D2B3F76430082F88A /* User */ = {
			isa = PBXGroup;
			children = (
				9297DD772B73EDAE00452A8B /* Repository */,
				9248577C2B403DE7006065DD /* ViewModel */,
				922C25162B3DDBBD00896D7E /* Model */,
				922C25232B3DE75700896D7E /* View */,
				926079572B3F45790082F88A /* Extension */,
			);
			path = User;
			sourceTree = "<group>";
		};
		9260795E2B3F76480082F88A /* Room */ = {
			isa = PBXGroup;
			children = (
				92AB02E02B8A3586002C34EE /* Repository */,
				92AB02DD2B8A3352002C34EE /* ViewModel */,
				922C25172B3DDBC100896D7E /* Model */,
				926079602B3F76910082F88A /* View */,
			);
			path = Room;
			sourceTree = "<group>";
		};
		9260795F2B3F764C0082F88A /* Task */ = {
			isa = PBXGroup;
			children = (
				922C25182B3DDBC500896D7E /* Model */,
			);
			path = Task;
			sourceTree = "<group>";
		};
		926079602B3F76910082F88A /* View */ = {
			isa = PBXGroup;
			children = (
				92AB02E52B8A3CAA002C34EE /* RoomDetailView.swift */,
				92946D2D2B3F01D6001F0D2E /* RoomsListView.swift */,
				92AB02E32B8A364C002C34EE /* AddRoomView.swift */,
			);
			path = View;
			sourceTree = "<group>";
		};
		926079612B3F76EE0082F88A /* CoreData */ = {
			isa = PBXGroup;
			children = (
				922C24F82B3DC61600896D7E /* iChores.xcdatamodeld */,
				922C251A2B3DDEF900896D7E /* DataController.swift */,
			);
			path = CoreData;
			sourceTree = "<group>";
		};
		92772AAC2B8369E9007772E4 /* User */ = {
			isa = PBXGroup;
			children = (
				921F358B2B4893D500A6B2F4 /* NoUserView.swift */,
				924E6D842B477B0D00780EF4 /* UserImage.swift */,
			);
			path = User;
			sourceTree = "<group>";
		};
		92772AAD2B836A0E007772E4 /* App */ = {
			isa = PBXGroup;
			children = (
				92F6A08D2B3478CB0075879F /* iChoresApp.swift */,
				92F6A08F2B3478CB0075879F /* ContentView.swift */,
				92946D2B2B3F019B001F0D2E /* HomeView.swift */,
				92946D2F2B3F01EC001F0D2E /* SettingsView.swift */,
			);
			path = App;
			sourceTree = "<group>";
		};
		92772AAE2B83AC6E007772E4 /* Shape */ = {
			isa = PBXGroup;
			children = (
				92772AAF2B83AC7F007772E4 /* RoundedCorner.swift */,
			);
			path = Shape;
			sourceTree = "<group>";
		};
		9297DD772B73EDAE00452A8B /* Repository */ = {
			isa = PBXGroup;
			children = (
				9297DD752B73E12200452A8B /* UserRepository.swift */,
			);
			path = Repository;
			sourceTree = "<group>";
		};
		9298A4B82B72635600633775 /* DS */ = {
			isa = PBXGroup;
			children = (
				92772AAE2B83AC6E007772E4 /* Shape */,
				921F358A2B4893C000A6B2F4 /* Components */,
				9260795A2B3F5DCD0082F88A /* Modifiers */,
			);
			path = DS;
			sourceTree = "<group>";
		};
		92A406292BAC30DB005AF534 /* Extension */ = {
			isa = PBXGroup;
			children = (
				92A4062A2BAC30E9005AF534 /* Room+SwiftUI.swift */,
			);
			path = Extension;
			sourceTree = "<group>";
		};
		92A4062C2BAC3450005AF534 /* Global */ = {
			isa = PBXGroup;
			children = (
				92351E322B778D02008B53E9 /* CancelButton.swift */,
				92C8D22D2B7A4E6400BC83B4 /* DeleteButton.swift */,
			);
			path = Global;
			sourceTree = "<group>";
		};
		92AB02DD2B8A3352002C34EE /* ViewModel */ = {
			isa = PBXGroup;
			children = (
				92AB02DE2B8A3367002C34EE /* RoomViewModel.swift */,
			);
			path = ViewModel;
			sourceTree = "<group>";
		};
		92AB02E02B8A3586002C34EE /* Repository */ = {
			isa = PBXGroup;
			children = (
				92AB02E12B8A35A0002C34EE /* RoomRepository.swift */,
			);
			path = Repository;
			sourceTree = "<group>";
		};
		92AB02E92B8A3F92002C34EE /* Room */ = {
			isa = PBXGroup;
			children = (
				92AB02E72B8A3E77002C34EE /* NoRoomView.swift */,
				92555D532BB1DE8600B74F6B /* RoomImage.swift */,
			);
			path = Room;
			sourceTree = "<group>";
		};
		92F6A0812B3478CB0075879F = {
			isa = PBXGroup;
			children = (
				92F6A08C2B3478CB0075879F /* iChores */,
				92F6A09D2B3478CE0075879F /* iChoresTests */,
				92F6A0A72B3478CE0075879F /* iChoresUITests */,
				92F6A08B2B3478CB0075879F /* Products */,
			);
			sourceTree = "<group>";
		};
		92F6A08B2B3478CB0075879F /* Products */ = {
			isa = PBXGroup;
			children = (
				92F6A08A2B3478CB0075879F /* iChores.app */,
				92F6A09A2B3478CE0075879F /* iChoresTests.xctest */,
				92F6A0A42B3478CE0075879F /* iChoresUITests.xctest */,
			);
			name = Products;
			sourceTree = "<group>";
		};
		92F6A08C2B3478CB0075879F /* iChores */ = {
			isa = PBXGroup;
			children = (
				92772AAD2B836A0E007772E4 /* App */,
				9298A4B82B72635600633775 /* DS */,
				9248577E2B403E17006065DD /* Module */,
				9248577D2B403DF9006065DD /* Extensions */,
				926079612B3F76EE0082F88A /* CoreData */,
				92F6A0912B3478CD0075879F /* Assets.xcassets */,
				92F6A0932B3478CD0075879F /* Preview Content */,
				92C8D22F2B7A545100BC83B4 /* Localizable.xcstrings */,
			);
			path = iChores;
			sourceTree = "<group>";
		};
		92F6A0932B3478CD0075879F /* Preview Content */ = {
			isa = PBXGroup;
			children = (
				92F6A0942B3478CD0075879F /* Preview Assets.xcassets */,
			);
			path = "Preview Content";
			sourceTree = "<group>";
		};
		92F6A09D2B3478CE0075879F /* iChoresTests */ = {
			isa = PBXGroup;
			children = (
				92F6A09E2B3478CE0075879F /* iChoresTests.swift */,
			);
			path = iChoresTests;
			sourceTree = "<group>";
		};
		92F6A0A72B3478CE0075879F /* iChoresUITests */ = {
			isa = PBXGroup;
			children = (
				92F6A0A82B3478CE0075879F /* iChoresUITests.swift */,
				92F6A0AA2B3478CE0075879F /* iChoresUITestsLaunchTests.swift */,
			);
			path = iChoresUITests;
			sourceTree = "<group>";
		};
/* End PBXGroup section */

/* Begin PBXNativeTarget section */
		92F6A0892B3478CB0075879F /* iChores */ = {
			isa = PBXNativeTarget;
			buildConfigurationList = 92F6A0AE2B3478CE0075879F /* Build configuration list for PBXNativeTarget "iChores" */;
			buildPhases = (
				92F6A0862B3478CB0075879F /* Sources */,
				92F6A0872B3478CB0075879F /* Frameworks */,
				92F6A0882B3478CB0075879F /* Resources */,
			);
			buildRules = (
			);
			dependencies = (
			);
			name = iChores;
			productName = iChores;
			productReference = 92F6A08A2B3478CB0075879F /* iChores.app */;
			productType = "com.apple.product-type.application";
		};
		92F6A0992B3478CE0075879F /* iChoresTests */ = {
			isa = PBXNativeTarget;
			buildConfigurationList = 92F6A0B12B3478CE0075879F /* Build configuration list for PBXNativeTarget "iChoresTests" */;
			buildPhases = (
				92F6A0962B3478CE0075879F /* Sources */,
				92F6A0972B3478CE0075879F /* Frameworks */,
				92F6A0982B3478CE0075879F /* Resources */,
			);
			buildRules = (
			);
			dependencies = (
				92F6A09C2B3478CE0075879F /* PBXTargetDependency */,
			);
			name = iChoresTests;
			productName = iChoresTests;
			productReference = 92F6A09A2B3478CE0075879F /* iChoresTests.xctest */;
			productType = "com.apple.product-type.bundle.unit-test";
		};
		92F6A0A32B3478CE0075879F /* iChoresUITests */ = {
			isa = PBXNativeTarget;
			buildConfigurationList = 92F6A0B42B3478CE0075879F /* Build configuration list for PBXNativeTarget "iChoresUITests" */;
			buildPhases = (
				92F6A0A02B3478CE0075879F /* Sources */,
				92F6A0A12B3478CE0075879F /* Frameworks */,
				92F6A0A22B3478CE0075879F /* Resources */,
			);
			buildRules = (
			);
			dependencies = (
				92F6A0A62B3478CE0075879F /* PBXTargetDependency */,
			);
			name = iChoresUITests;
			productName = iChoresUITests;
			productReference = 92F6A0A42B3478CE0075879F /* iChoresUITests.xctest */;
			productType = "com.apple.product-type.bundle.ui-testing";
		};
/* End PBXNativeTarget section */

/* Begin PBXProject section */
		92F6A0822B3478CB0075879F /* Project object */ = {
			isa = PBXProject;
			attributes = {
				BuildIndependentTargetsInParallel = 1;
				LastSwiftUpdateCheck = 1500;
				LastUpgradeCheck = 1530;
				TargetAttributes = {
					92F6A0892B3478CB0075879F = {
						CreatedOnToolsVersion = 15.0.1;
					};
					92F6A0992B3478CE0075879F = {
						CreatedOnToolsVersion = 15.0.1;
						TestTargetID = 92F6A0892B3478CB0075879F;
					};
					92F6A0A32B3478CE0075879F = {
						CreatedOnToolsVersion = 15.0.1;
						TestTargetID = 92F6A0892B3478CB0075879F;
					};
				};
			};
			buildConfigurationList = 92F6A0852B3478CB0075879F /* Build configuration list for PBXProject "iChores" */;
			compatibilityVersion = "Xcode 14.0";
			developmentRegion = en;
			hasScannedForEncodings = 0;
			knownRegions = (
				en,
				Base,
				fr,
			);
			mainGroup = 92F6A0812B3478CB0075879F;
			productRefGroup = 92F6A08B2B3478CB0075879F /* Products */;
			projectDirPath = "";
			projectRoot = "";
			targets = (
				92F6A0892B3478CB0075879F /* iChores */,
				92F6A0992B3478CE0075879F /* iChoresTests */,
				92F6A0A32B3478CE0075879F /* iChoresUITests */,
			);
		};
/* End PBXProject section */

/* Begin PBXResourcesBuildPhase section */
		92F6A0882B3478CB0075879F /* Resources */ = {
			isa = PBXResourcesBuildPhase;
			buildActionMask = 2147483647;
			files = (
				92F6A0952B3478CD0075879F /* Preview Assets.xcassets in Resources */,
				92F6A0922B3478CD0075879F /* Assets.xcassets in Resources */,
				92C8D2302B7A545100BC83B4 /* Localizable.xcstrings in Resources */,
			);
			runOnlyForDeploymentPostprocessing = 0;
		};
		92F6A0982B3478CE0075879F /* Resources */ = {
			isa = PBXResourcesBuildPhase;
			buildActionMask = 2147483647;
			files = (
			);
			runOnlyForDeploymentPostprocessing = 0;
		};
		92F6A0A22B3478CE0075879F /* Resources */ = {
			isa = PBXResourcesBuildPhase;
			buildActionMask = 2147483647;
			files = (
			);
			runOnlyForDeploymentPostprocessing = 0;
		};
/* End PBXResourcesBuildPhase section */

/* Begin PBXSourcesBuildPhase section */
		92F6A0862B3478CB0075879F /* Sources */ = {
			isa = PBXSourcesBuildPhase;
			buildActionMask = 2147483647;
			files = (
				92A4062B2BAC30E9005AF534 /* Room+SwiftUI.swift in Sources */,
				92AB02E82B8A3E77002C34EE /* NoRoomView.swift in Sources */,
				9223FB3F2B3F2C5400426148 /* FileManager+SaveImage.swift in Sources */,
				92F6A0902B3478CB0075879F /* ContentView.swift in Sources */,
				92AB02E42B8A364C002C34EE /* AddRoomView.swift in Sources */,
				92946D2C2B3F019B001F0D2E /* HomeView.swift in Sources */,
				92555D542BB1DE8600B74F6B /* RoomImage.swift in Sources */,
				922C25222B3DE75100896D7E /* AddUserView.swift in Sources */,
				924E6D852B477B0D00780EF4 /* UserImage.swift in Sources */,
				92946D2E2B3F01D6001F0D2E /* RoomsListView.swift in Sources */,
				921F358E2B489CF000A6B2F4 /* PrimaryButtonModifier.swift in Sources */,
				921F358C2B4893D500A6B2F4 /* NoUserView.swift in Sources */,
				92F6A08E2B3478CB0075879F /* iChoresApp.swift in Sources */,
				92C8D22E2B7A4E6400BC83B4 /* DeleteButton.swift in Sources */,
				924E6D812B47794A00780EF4 /* Room+CoreDataProperties.swift in Sources */,
				9297DD762B73E12200452A8B /* UserRepository.swift in Sources */,
				92AB02E22B8A35A0002C34EE /* RoomRepository.swift in Sources */,
				92772AB02B83AC7F007772E4 /* RoundedCorner.swift in Sources */,
				924E6D822B47794A00780EF4 /* Task+CoreDataClass.swift in Sources */,
				924857792B403272006065DD /* User+ViewModel.swift in Sources */,
				926079592B3F45830082F88A /* User+SwiftUI.swift in Sources */,
				92AB02E62B8A3CAA002C34EE /* RoomDetailView.swift in Sources */,
				922C251B2B3DDEF900896D7E /* DataController.swift in Sources */,
				924E6D7F2B47794A00780EF4 /* User+CoreDataProperties.swift in Sources */,
				92946D302B3F01EC001F0D2E /* SettingsView.swift in Sources */,
				922C25202B3DE56000896D7E /* Image+ImagePicker.swift in Sources */,
				921F35922B48A65B00A6B2F4 /* TextFieldModifier.swift in Sources */,
				9260795C2B3F5E2E0082F88A /* ImageModifier.swift in Sources */,
				924E6D7E2B47794A00780EF4 /* User+CoreDataClass.swift in Sources */,
				924E6D802B47794A00780EF4 /* Room+CoreDataClass.swift in Sources */,
				922C24FA2B3DC61600896D7E /* iChores.xcdatamodeld in Sources */,
				92AB02DF2B8A3367002C34EE /* RoomViewModel.swift in Sources */,
				92351E332B778D02008B53E9 /* CancelButton.swift in Sources */,
				922C251E2B3DE0E400896D7E /* UserDetailView.swift in Sources */,
				924E6D832B47794A00780EF4 /* Task+CoreDataProperties.swift in Sources */,
				92946D2A2B3F0114001F0D2E /* UsersListView.swift in Sources */,
			);
			runOnlyForDeploymentPostprocessing = 0;
		};
		92F6A0962B3478CE0075879F /* Sources */ = {
			isa = PBXSourcesBuildPhase;
			buildActionMask = 2147483647;
			files = (
				92F6A09F2B3478CE0075879F /* iChoresTests.swift in Sources */,
			);
			runOnlyForDeploymentPostprocessing = 0;
		};
		92F6A0A02B3478CE0075879F /* Sources */ = {
			isa = PBXSourcesBuildPhase;
			buildActionMask = 2147483647;
			files = (
				92F6A0AB2B3478CE0075879F /* iChoresUITestsLaunchTests.swift in Sources */,
				92F6A0A92B3478CE0075879F /* iChoresUITests.swift in Sources */,
			);
			runOnlyForDeploymentPostprocessing = 0;
		};
/* End PBXSourcesBuildPhase section */

/* Begin PBXTargetDependency section */
		92F6A09C2B3478CE0075879F /* PBXTargetDependency */ = {
			isa = PBXTargetDependency;
			target = 92F6A0892B3478CB0075879F /* iChores */;
			targetProxy = 92F6A09B2B3478CE0075879F /* PBXContainerItemProxy */;
		};
		92F6A0A62B3478CE0075879F /* PBXTargetDependency */ = {
			isa = PBXTargetDependency;
			target = 92F6A0892B3478CB0075879F /* iChores */;
			targetProxy = 92F6A0A52B3478CE0075879F /* PBXContainerItemProxy */;
		};
/* End PBXTargetDependency section */

/* Begin XCBuildConfiguration section */
		92F6A0AC2B3478CE0075879F /* Debug */ = {
			isa = XCBuildConfiguration;
			buildSettings = {
				ALWAYS_SEARCH_USER_PATHS = NO;
				ASSETCATALOG_COMPILER_GENERATE_SWIFT_ASSET_SYMBOL_EXTENSIONS = YES;
				CLANG_ANALYZER_LOCALIZABILITY_NONLOCALIZED = YES;
				CLANG_ANALYZER_NONNULL = YES;
				CLANG_ANALYZER_NUMBER_OBJECT_CONVERSION = YES_AGGRESSIVE;
				CLANG_CXX_LANGUAGE_STANDARD = "gnu++20";
				CLANG_ENABLE_MODULES = YES;
				CLANG_ENABLE_OBJC_ARC = YES;
				CLANG_ENABLE_OBJC_WEAK = YES;
				CLANG_WARN_BLOCK_CAPTURE_AUTORELEASING = YES;
				CLANG_WARN_BOOL_CONVERSION = YES;
				CLANG_WARN_COMMA = YES;
				CLANG_WARN_CONSTANT_CONVERSION = YES;
				CLANG_WARN_DEPRECATED_OBJC_IMPLEMENTATIONS = YES;
				CLANG_WARN_DIRECT_OBJC_ISA_USAGE = YES_ERROR;
				CLANG_WARN_DOCUMENTATION_COMMENTS = YES;
				CLANG_WARN_EMPTY_BODY = YES;
				CLANG_WARN_ENUM_CONVERSION = YES;
				CLANG_WARN_INFINITE_RECURSION = YES;
				CLANG_WARN_INT_CONVERSION = YES;
				CLANG_WARN_NON_LITERAL_NULL_CONVERSION = YES;
				CLANG_WARN_OBJC_IMPLICIT_RETAIN_SELF = YES;
				CLANG_WARN_OBJC_LITERAL_CONVERSION = YES;
				CLANG_WARN_OBJC_ROOT_CLASS = YES_ERROR;
				CLANG_WARN_QUOTED_INCLUDE_IN_FRAMEWORK_HEADER = YES;
				CLANG_WARN_RANGE_LOOP_ANALYSIS = YES;
				CLANG_WARN_STRICT_PROTOTYPES = YES;
				CLANG_WARN_SUSPICIOUS_MOVE = YES;
				CLANG_WARN_UNGUARDED_AVAILABILITY = YES_AGGRESSIVE;
				CLANG_WARN_UNREACHABLE_CODE = YES;
				CLANG_WARN__DUPLICATE_METHOD_MATCH = YES;
				COPY_PHASE_STRIP = NO;
				DEBUG_INFORMATION_FORMAT = dwarf;
				ENABLE_STRICT_OBJC_MSGSEND = YES;
				ENABLE_TESTABILITY = YES;
				ENABLE_USER_SCRIPT_SANDBOXING = YES;
				GCC_C_LANGUAGE_STANDARD = gnu17;
				GCC_DYNAMIC_NO_PIC = NO;
				GCC_NO_COMMON_BLOCKS = YES;
				GCC_OPTIMIZATION_LEVEL = 0;
				GCC_PREPROCESSOR_DEFINITIONS = (
					"DEBUG=1",
					"$(inherited)",
				);
				GCC_WARN_64_TO_32_BIT_CONVERSION = YES;
				GCC_WARN_ABOUT_RETURN_TYPE = YES_ERROR;
				GCC_WARN_UNDECLARED_SELECTOR = YES;
				GCC_WARN_UNINITIALIZED_AUTOS = YES_AGGRESSIVE;
				GCC_WARN_UNUSED_FUNCTION = YES;
				GCC_WARN_UNUSED_VARIABLE = YES;
				IPHONEOS_DEPLOYMENT_TARGET = 17.0;
				LOCALIZATION_PREFERS_STRING_CATALOGS = YES;
				MTL_ENABLE_DEBUG_INFO = INCLUDE_SOURCE;
				MTL_FAST_MATH = YES;
				ONLY_ACTIVE_ARCH = YES;
				SDKROOT = iphoneos;
				SWIFT_ACTIVE_COMPILATION_CONDITIONS = "DEBUG $(inherited)";
				SWIFT_OPTIMIZATION_LEVEL = "-Onone";
			};
			name = Debug;
		};
		92F6A0AD2B3478CE0075879F /* Release */ = {
			isa = XCBuildConfiguration;
			buildSettings = {
				ALWAYS_SEARCH_USER_PATHS = NO;
				ASSETCATALOG_COMPILER_GENERATE_SWIFT_ASSET_SYMBOL_EXTENSIONS = YES;
				CLANG_ANALYZER_LOCALIZABILITY_NONLOCALIZED = YES;
				CLANG_ANALYZER_NONNULL = YES;
				CLANG_ANALYZER_NUMBER_OBJECT_CONVERSION = YES_AGGRESSIVE;
				CLANG_CXX_LANGUAGE_STANDARD = "gnu++20";
				CLANG_ENABLE_MODULES = YES;
				CLANG_ENABLE_OBJC_ARC = YES;
				CLANG_ENABLE_OBJC_WEAK = YES;
				CLANG_WARN_BLOCK_CAPTURE_AUTORELEASING = YES;
				CLANG_WARN_BOOL_CONVERSION = YES;
				CLANG_WARN_COMMA = YES;
				CLANG_WARN_CONSTANT_CONVERSION = YES;
				CLANG_WARN_DEPRECATED_OBJC_IMPLEMENTATIONS = YES;
				CLANG_WARN_DIRECT_OBJC_ISA_USAGE = YES_ERROR;
				CLANG_WARN_DOCUMENTATION_COMMENTS = YES;
				CLANG_WARN_EMPTY_BODY = YES;
				CLANG_WARN_ENUM_CONVERSION = YES;
				CLANG_WARN_INFINITE_RECURSION = YES;
				CLANG_WARN_INT_CONVERSION = YES;
				CLANG_WARN_NON_LITERAL_NULL_CONVERSION = YES;
				CLANG_WARN_OBJC_IMPLICIT_RETAIN_SELF = YES;
				CLANG_WARN_OBJC_LITERAL_CONVERSION = YES;
				CLANG_WARN_OBJC_ROOT_CLASS = YES_ERROR;
				CLANG_WARN_QUOTED_INCLUDE_IN_FRAMEWORK_HEADER = YES;
				CLANG_WARN_RANGE_LOOP_ANALYSIS = YES;
				CLANG_WARN_STRICT_PROTOTYPES = YES;
				CLANG_WARN_SUSPICIOUS_MOVE = YES;
				CLANG_WARN_UNGUARDED_AVAILABILITY = YES_AGGRESSIVE;
				CLANG_WARN_UNREACHABLE_CODE = YES;
				CLANG_WARN__DUPLICATE_METHOD_MATCH = YES;
				COPY_PHASE_STRIP = NO;
				DEBUG_INFORMATION_FORMAT = "dwarf-with-dsym";
				ENABLE_NS_ASSERTIONS = NO;
				ENABLE_STRICT_OBJC_MSGSEND = YES;
				ENABLE_USER_SCRIPT_SANDBOXING = YES;
				GCC_C_LANGUAGE_STANDARD = gnu17;
				GCC_NO_COMMON_BLOCKS = YES;
				GCC_WARN_64_TO_32_BIT_CONVERSION = YES;
				GCC_WARN_ABOUT_RETURN_TYPE = YES_ERROR;
				GCC_WARN_UNDECLARED_SELECTOR = YES;
				GCC_WARN_UNINITIALIZED_AUTOS = YES_AGGRESSIVE;
				GCC_WARN_UNUSED_FUNCTION = YES;
				GCC_WARN_UNUSED_VARIABLE = YES;
				IPHONEOS_DEPLOYMENT_TARGET = 17.0;
				LOCALIZATION_PREFERS_STRING_CATALOGS = YES;
				MTL_ENABLE_DEBUG_INFO = NO;
				MTL_FAST_MATH = YES;
				SDKROOT = iphoneos;
				SWIFT_COMPILATION_MODE = wholemodule;
				VALIDATE_PRODUCT = YES;
			};
			name = Release;
		};
		92F6A0AF2B3478CE0075879F /* Debug */ = {
			isa = XCBuildConfiguration;
			buildSettings = {
				ASSETCATALOG_COMPILER_APPICON_NAME = AppIcon;
				ASSETCATALOG_COMPILER_GLOBAL_ACCENT_COLOR_NAME = AccentColor;
				CODE_SIGN_STYLE = Automatic;
				CURRENT_PROJECT_VERSION = 1;
				DEVELOPMENT_ASSET_PATHS = "\"iChores/Preview Content\"";
				DEVELOPMENT_TEAM = 2VP2J2SZVR;
				ENABLE_PREVIEWS = YES;
				GENERATE_INFOPLIST_FILE = YES;
				INFOPLIST_KEY_LSApplicationCategoryType = "public.app-category.productivity";
				INFOPLIST_KEY_NSPhotoLibraryUsageDescription = "\"We would like to use your library to access photos\"";
				INFOPLIST_KEY_UIApplicationSceneManifest_Generation = YES;
				INFOPLIST_KEY_UIApplicationSupportsIndirectInputEvents = YES;
				INFOPLIST_KEY_UILaunchScreen_Generation = YES;
				INFOPLIST_KEY_UISupportedInterfaceOrientations = "UIInterfaceOrientationLandscapeLeft UIInterfaceOrientationLandscapeRight UIInterfaceOrientationPortrait UIInterfaceOrientationPortraitUpsideDown";
				LD_RUNPATH_SEARCH_PATHS = (
					"$(inherited)",
					"@executable_path/Frameworks",
				);
				MARKETING_VERSION = 1.0;
				PRODUCT_BUNDLE_IDENTIFIER = com.carolanelefebvre.iChores;
				PRODUCT_NAME = "$(TARGET_NAME)";
				SUPPORTED_PLATFORMS = "iphoneos iphonesimulator";
				SUPPORTS_MACCATALYST = NO;
				SUPPORTS_MAC_DESIGNED_FOR_IPHONE_IPAD = NO;
				SUPPORTS_XR_DESIGNED_FOR_IPHONE_IPAD = NO;
				SWIFT_EMIT_LOC_STRINGS = YES;
				SWIFT_VERSION = 5.0;
				TARGETED_DEVICE_FAMILY = "1,2";
			};
			name = Debug;
		};
		92F6A0B02B3478CE0075879F /* Release */ = {
			isa = XCBuildConfiguration;
			buildSettings = {
				ASSETCATALOG_COMPILER_APPICON_NAME = AppIcon;
				ASSETCATALOG_COMPILER_GLOBAL_ACCENT_COLOR_NAME = AccentColor;
				CODE_SIGN_STYLE = Automatic;
				CURRENT_PROJECT_VERSION = 1;
				DEVELOPMENT_ASSET_PATHS = "\"iChores/Preview Content\"";
				DEVELOPMENT_TEAM = 2VP2J2SZVR;
				ENABLE_PREVIEWS = YES;
				GENERATE_INFOPLIST_FILE = YES;
				INFOPLIST_KEY_LSApplicationCategoryType = "public.app-category.productivity";
				INFOPLIST_KEY_NSPhotoLibraryUsageDescription = "\"We would like to use your library to access photos\"";
				INFOPLIST_KEY_UIApplicationSceneManifest_Generation = YES;
				INFOPLIST_KEY_UIApplicationSupportsIndirectInputEvents = YES;
				INFOPLIST_KEY_UILaunchScreen_Generation = YES;
				INFOPLIST_KEY_UISupportedInterfaceOrientations = "UIInterfaceOrientationLandscapeLeft UIInterfaceOrientationLandscapeRight UIInterfaceOrientationPortrait UIInterfaceOrientationPortraitUpsideDown";
				LD_RUNPATH_SEARCH_PATHS = (
					"$(inherited)",
					"@executable_path/Frameworks",
				);
				MARKETING_VERSION = 1.0;
				PRODUCT_BUNDLE_IDENTIFIER = com.carolanelefebvre.iChores;
				PRODUCT_NAME = "$(TARGET_NAME)";
				SUPPORTED_PLATFORMS = "iphoneos iphonesimulator";
				SUPPORTS_MACCATALYST = NO;
				SUPPORTS_MAC_DESIGNED_FOR_IPHONE_IPAD = NO;
				SUPPORTS_XR_DESIGNED_FOR_IPHONE_IPAD = NO;
				SWIFT_EMIT_LOC_STRINGS = YES;
				SWIFT_VERSION = 5.0;
				TARGETED_DEVICE_FAMILY = "1,2";
			};
			name = Release;
		};
		92F6A0B22B3478CE0075879F /* Debug */ = {
			isa = XCBuildConfiguration;
			buildSettings = {
				ALWAYS_EMBED_SWIFT_STANDARD_LIBRARIES = YES;
				BUNDLE_LOADER = "$(TEST_HOST)";
				CODE_SIGN_STYLE = Automatic;
				CURRENT_PROJECT_VERSION = 1;
				DEVELOPMENT_TEAM = 2VP2J2SZVR;
				GENERATE_INFOPLIST_FILE = YES;
				IPHONEOS_DEPLOYMENT_TARGET = 17.0;
				MARKETING_VERSION = 1.0;
				PRODUCT_BUNDLE_IDENTIFIER = com.carolanelefebvre.iChoresTests;
				PRODUCT_NAME = "$(TARGET_NAME)";
				SUPPORTED_PLATFORMS = "iphoneos iphonesimulator";
				SUPPORTS_MACCATALYST = NO;
				SUPPORTS_MAC_DESIGNED_FOR_IPHONE_IPAD = NO;
				SUPPORTS_XR_DESIGNED_FOR_IPHONE_IPAD = NO;
				SWIFT_EMIT_LOC_STRINGS = NO;
				SWIFT_VERSION = 5.0;
				TARGETED_DEVICE_FAMILY = "1,2";
				TEST_HOST = "$(BUILT_PRODUCTS_DIR)/iChores.app/$(BUNDLE_EXECUTABLE_FOLDER_PATH)/iChores";
			};
			name = Debug;
		};
		92F6A0B32B3478CE0075879F /* Release */ = {
			isa = XCBuildConfiguration;
			buildSettings = {
				ALWAYS_EMBED_SWIFT_STANDARD_LIBRARIES = YES;
				BUNDLE_LOADER = "$(TEST_HOST)";
				CODE_SIGN_STYLE = Automatic;
				CURRENT_PROJECT_VERSION = 1;
				DEVELOPMENT_TEAM = 2VP2J2SZVR;
				GENERATE_INFOPLIST_FILE = YES;
				IPHONEOS_DEPLOYMENT_TARGET = 17.0;
				MARKETING_VERSION = 1.0;
				PRODUCT_BUNDLE_IDENTIFIER = com.carolanelefebvre.iChoresTests;
				PRODUCT_NAME = "$(TARGET_NAME)";
				SUPPORTED_PLATFORMS = "iphoneos iphonesimulator";
				SUPPORTS_MACCATALYST = NO;
				SUPPORTS_MAC_DESIGNED_FOR_IPHONE_IPAD = NO;
				SUPPORTS_XR_DESIGNED_FOR_IPHONE_IPAD = NO;
				SWIFT_EMIT_LOC_STRINGS = NO;
				SWIFT_VERSION = 5.0;
				TARGETED_DEVICE_FAMILY = "1,2";
				TEST_HOST = "$(BUILT_PRODUCTS_DIR)/iChores.app/$(BUNDLE_EXECUTABLE_FOLDER_PATH)/iChores";
			};
			name = Release;
		};
		92F6A0B52B3478CE0075879F /* Debug */ = {
			isa = XCBuildConfiguration;
			buildSettings = {
				ALWAYS_EMBED_SWIFT_STANDARD_LIBRARIES = YES;
				CODE_SIGN_STYLE = Automatic;
				CURRENT_PROJECT_VERSION = 1;
				DEVELOPMENT_TEAM = 2VP2J2SZVR;
				GENERATE_INFOPLIST_FILE = YES;
				MARKETING_VERSION = 1.0;
				PRODUCT_BUNDLE_IDENTIFIER = com.carolanelefebvre.iChoresUITests;
				PRODUCT_NAME = "$(TARGET_NAME)";
				SWIFT_EMIT_LOC_STRINGS = NO;
				SWIFT_VERSION = 5.0;
				TARGETED_DEVICE_FAMILY = "1,2";
				TEST_TARGET_NAME = iChores;
			};
			name = Debug;
		};
		92F6A0B62B3478CE0075879F /* Release */ = {
			isa = XCBuildConfiguration;
			buildSettings = {
				ALWAYS_EMBED_SWIFT_STANDARD_LIBRARIES = YES;
				CODE_SIGN_STYLE = Automatic;
				CURRENT_PROJECT_VERSION = 1;
				DEVELOPMENT_TEAM = 2VP2J2SZVR;
				GENERATE_INFOPLIST_FILE = YES;
				MARKETING_VERSION = 1.0;
				PRODUCT_BUNDLE_IDENTIFIER = com.carolanelefebvre.iChoresUITests;
				PRODUCT_NAME = "$(TARGET_NAME)";
				SWIFT_EMIT_LOC_STRINGS = NO;
				SWIFT_VERSION = 5.0;
				TARGETED_DEVICE_FAMILY = "1,2";
				TEST_TARGET_NAME = iChores;
			};
			name = Release;
		};
/* End XCBuildConfiguration section */

/* Begin XCConfigurationList section */
		92F6A0852B3478CB0075879F /* Build configuration list for PBXProject "iChores" */ = {
			isa = XCConfigurationList;
			buildConfigurations = (
				92F6A0AC2B3478CE0075879F /* Debug */,
				92F6A0AD2B3478CE0075879F /* Release */,
			);
			defaultConfigurationIsVisible = 0;
			defaultConfigurationName = Release;
		};
		92F6A0AE2B3478CE0075879F /* Build configuration list for PBXNativeTarget "iChores" */ = {
			isa = XCConfigurationList;
			buildConfigurations = (
				92F6A0AF2B3478CE0075879F /* Debug */,
				92F6A0B02B3478CE0075879F /* Release */,
			);
			defaultConfigurationIsVisible = 0;
			defaultConfigurationName = Release;
		};
		92F6A0B12B3478CE0075879F /* Build configuration list for PBXNativeTarget "iChoresTests" */ = {
			isa = XCConfigurationList;
			buildConfigurations = (
				92F6A0B22B3478CE0075879F /* Debug */,
				92F6A0B32B3478CE0075879F /* Release */,
			);
			defaultConfigurationIsVisible = 0;
			defaultConfigurationName = Release;
		};
		92F6A0B42B3478CE0075879F /* Build configuration list for PBXNativeTarget "iChoresUITests" */ = {
			isa = XCConfigurationList;
			buildConfigurations = (
				92F6A0B52B3478CE0075879F /* Debug */,
				92F6A0B62B3478CE0075879F /* Release */,
			);
			defaultConfigurationIsVisible = 0;
			defaultConfigurationName = Release;
		};
/* End XCConfigurationList section */

/* Begin XCVersionGroup section */
		922C24F82B3DC61600896D7E /* iChores.xcdatamodeld */ = {
			isa = XCVersionGroup;
			children = (
				922C24F92B3DC61600896D7E /* iChores.xcdatamodel */,
			);
			currentVersion = 922C24F92B3DC61600896D7E /* iChores.xcdatamodel */;
			path = iChores.xcdatamodeld;
			sourceTree = "<group>";
			versionGroupType = wrapper.xcdatamodel;
		};
/* End XCVersionGroup section */
	};
	rootObject = 92F6A0822B3478CB0075879F /* Project object */;
}
